# THIS IS AN AUTOGENERATED FILE. DO NOT EDIT THIS FILE DIRECTLY.
# yarn lockfile v1


"@fortawesome/fontawesome-pro@^5.15.2":
  version "5.15.2"
  resolved "https://npm.fontawesome.com/@fortawesome/fontawesome-pro/-/5.15.2/fontawesome-pro-5.15.2.tgz#188d7d199f381c9fcf7b2fc0fd7d9e148e80b27a"
  integrity sha512-Eohj5nc09eqyAtPXDrnlxiLNLr9L9vo2bUiHJ4uSc/qzt5yfoW3XQt+l2PeevX7dn3gtqNkQA8Et1MhymlsKsA==
